<?xml version="1.0" encoding="utf-8"?>
<Project ToolsVersion="4.0" xmlns="http://schemas.microsoft.com/developer/msbuild/2003">
  <ItemGroup>
    <Filter Include="Sources">
      <UniqueIdentifier>{8b7ed093-66ce-4096-96d2-fbb9faa4bf52}</UniqueIdentifier>
    </Filter>
    <Filter Include="Sources\Modules">
      <UniqueIdentifier>{7b418be2-1631-4a31-9ef2-8a8b234a7339}</UniqueIdentifier>
    </Filter>
    <Filter Include="Sources\Containers">
      <UniqueIdentifier>{afc36133-f401-499a-aa33-0da1e500fb52}</UniqueIdentifier>
    </Filter>
    <Filter Include="Sources\Tools">
      <UniqueIdentifier>{7e4dfaf7-022c-4f7d-92aa-f3b3fa9d6248}</UniqueIdentifier>
    </Filter>
    <Filter Include="Sources\Helpers">
      <UniqueIdentifier>{121f8e6b-df36-4ab0-be0d-601ddfc9e503}</UniqueIdentifier>
    </Filter>
    <Filter Include="Sources\Modules\Game">
      <UniqueIdentifier>{83f46af7-e02f-40c0-9e56-41d76082527b}</UniqueIdentifier>
    </Filter>
    <Filter Include="Sources\ImGui">
      <UniqueIdentifier>{6f7f6b02-bfdc-48fd-99dc-6147cda1b5a3}</UniqueIdentifier>
    </Filter>
    <Filter Include="Sources\Tools\Json">
      <UniqueIdentifier>{009a3957-81a8-46ed-ad9e-54ef6c43256c}</UniqueIdentifier>
    </Filter>
    <Filter Include="Sources\MathGeoLib">
      <UniqueIdentifier>{381436e8-8c34-4dba-bb8d-fdbf3b51aedb}</UniqueIdentifier>
    </Filter>
    <Filter Include="Sources\MathGeoLib\Algorithm">
      <UniqueIdentifier>{8053a6fd-95c3-497c-9007-6dec918e8dfc}</UniqueIdentifier>
    </Filter>
    <Filter Include="Sources\MathGeoLib\Algorithm\Random">
      <UniqueIdentifier>{ebc8c246-298f-49b9-9e1e-a188ca861051}</UniqueIdentifier>
    </Filter>
    <Filter Include="Sources\MathGeoLib\Geometry">
      <UniqueIdentifier>{ad455bff-e142-4dc4-bdec-f144164e4202}</UniqueIdentifier>
    </Filter>
    <Filter Include="Sources\MathGeoLib\Math">
      <UniqueIdentifier>{1a4ac6ae-7f67-4603-8d3b-aee311baf900}</UniqueIdentifier>
    </Filter>
    <Filter Include="Sources\MathGeoLib\Time">
      <UniqueIdentifier>{3f4364ed-1972-4bd3-98d4-08df2286cfef}</UniqueIdentifier>
    </Filter>
    <Filter Include="Sources\Components">
      <UniqueIdentifier>{f8159ee9-5476-456d-9746-c2dec70fa3ac}</UniqueIdentifier>
    </Filter>
  </ItemGroup>
  <ItemGroup>
    <ClInclude Include="Modules\Application.h">
      <Filter>Sources</Filter>
    </ClInclude>
    <ClInclude Include="Modules\Globals.h">
      <Filter>Sources</Filter>
    </ClInclude>
    <ClInclude Include="Modules\Timer.h">
      <Filter>Sources\Tools</Filter>
    </ClInclude>
    <ClInclude Include="Modules\Light.h">
      <Filter>Sources\Helpers</Filter>
    </ClInclude>
    <ClInclude Include="Modules\Primitive.h">
      <Filter>Sources\Helpers</Filter>
    </ClInclude>
    <ClInclude Include="Modules\Color.h">
      <Filter>Sources\Containers</Filter>
    </ClInclude>
    <ClInclude Include="Modules\glmath.h">
      <Filter>Sources\Containers</Filter>
    </ClInclude>
    <ClInclude Include="Modules\p2DynArray.h">
      <Filter>Sources\Containers</Filter>
    </ClInclude>
    <ClInclude Include="Modules\p2List.h">
      <Filter>Sources\Containers</Filter>
    </ClInclude>
    <ClInclude Include="Modules\p2Point.h">
      <Filter>Sources\Containers</Filter>
    </ClInclude>
    <ClInclude Include="Modules\ModuleSceneIntro.h">
      <Filter>Sources\Modules\Game</Filter>
    </ClInclude>
    <ClInclude Include="Modules\Module.h">
      <Filter>Sources\Modules</Filter>
    </ClInclude>
    <ClInclude Include="Modules\ModuleCamera3D.h">
      <Filter>Sources\Modules</Filter>
    </ClInclude>
    <ClInclude Include="Modules\ModuleEditorGui.h">
      <Filter>Sources\Modules</Filter>
    </ClInclude>
    <ClInclude Include="Modules\ModuleInput.h">
      <Filter>Sources\Modules</Filter>
    </ClInclude>
    <ClInclude Include="Modules\ModuleRenderer3D.h">
      <Filter>Sources\Modules</Filter>
    </ClInclude>
    <ClInclude Include="Modules\ModuleWindow.h">
      <Filter>Sources\Modules</Filter>
    </ClInclude>
    <ClInclude Include="Modules\MeshLoader.h">
      <Filter>Sources\Helpers</Filter>
    </ClInclude>
    <ClInclude Include="Modules\External_Libraries\MathGeoLib\include\Algorithm\Random\LCG.h">
      <Filter>Sources\MathGeoLib\Algorithm\Random</Filter>
    </ClInclude>
    <ClInclude Include="Modules\External_Libraries\MathGeoLib\include\Geometry\AABB.h">
      <Filter>Sources\MathGeoLib\Geometry</Filter>
    </ClInclude>
    <ClInclude Include="Modules\External_Libraries\MathGeoLib\include\Geometry\AABB2D.h">
      <Filter>Sources\MathGeoLib\Geometry</Filter>
    </ClInclude>
    <ClInclude Include="Modules\External_Libraries\MathGeoLib\include\Geometry\Capsule.h">
      <Filter>Sources\MathGeoLib\Geometry</Filter>
    </ClInclude>
    <ClInclude Include="Modules\External_Libraries\MathGeoLib\include\Geometry\Circle.h">
      <Filter>Sources\MathGeoLib\Geometry</Filter>
    </ClInclude>
    <ClInclude Include="Modules\External_Libraries\MathGeoLib\include\Geometry\Cone.h">
      <Filter>Sources\MathGeoLib\Geometry</Filter>
    </ClInclude>
    <ClInclude Include="Modules\External_Libraries\MathGeoLib\include\Geometry\Cylinder.h">
      <Filter>Sources\MathGeoLib\Geometry</Filter>
    </ClInclude>
    <ClInclude Include="Modules\External_Libraries\MathGeoLib\include\Geometry\Frustum.h">
      <Filter>Sources\MathGeoLib\Geometry</Filter>
    </ClInclude>
    <ClInclude Include="Modules\External_Libraries\MathGeoLib\include\Geometry\GeometryAll.h">
      <Filter>Sources\MathGeoLib\Geometry</Filter>
    </ClInclude>
    <ClInclude Include="Modules\External_Libraries\MathGeoLib\include\Geometry\GeomType.h">
      <Filter>Sources\MathGeoLib\Geometry</Filter>
    </ClInclude>
    <ClInclude Include="Modules\External_Libraries\MathGeoLib\include\Geometry\HitInfo.h">
      <Filter>Sources\MathGeoLib\Geometry</Filter>
    </ClInclude>
    <ClInclude Include="Modules\External_Libraries\MathGeoLib\include\Geometry\KDTree.h">
      <Filter>Sources\MathGeoLib\Geometry</Filter>
    </ClInclude>
    <ClInclude Include="Modules\External_Libraries\MathGeoLib\include\Geometry\Line.h">
      <Filter>Sources\MathGeoLib\Geometry</Filter>
    </ClInclude>
    <ClInclude Include="Modules\External_Libraries\MathGeoLib\include\Geometry\LineSegment.h">
      <Filter>Sources\MathGeoLib\Geometry</Filter>
    </ClInclude>
    <ClInclude Include="Modules\External_Libraries\MathGeoLib\include\Geometry\OBB.h">
      <Filter>Sources\MathGeoLib\Geometry</Filter>
    </ClInclude>
    <ClInclude Include="Modules\External_Libraries\MathGeoLib\include\Geometry\PBVolume.h">
      <Filter>Sources\MathGeoLib\Geometry</Filter>
    </ClInclude>
    <ClInclude Include="Modules\External_Libraries\MathGeoLib\include\Geometry\Plane.h">
      <Filter>Sources\MathGeoLib\Geometry</Filter>
    </ClInclude>
    <ClInclude Include="Modules\External_Libraries\MathGeoLib\include\Geometry\Polygon.h">
      <Filter>Sources\MathGeoLib\Geometry</Filter>
    </ClInclude>
    <ClInclude Include="Modules\External_Libraries\MathGeoLib\include\Geometry\Polyhedron.h">
      <Filter>Sources\MathGeoLib\Geometry</Filter>
    </ClInclude>
    <ClInclude Include="Modules\External_Libraries\MathGeoLib\include\Geometry\QuadTree.h">
      <Filter>Sources\MathGeoLib\Geometry</Filter>
    </ClInclude>
    <ClInclude Include="Modules\External_Libraries\MathGeoLib\include\Geometry\Ray.h">
      <Filter>Sources\MathGeoLib\Geometry</Filter>
    </ClInclude>
    <ClInclude Include="Modules\External_Libraries\MathGeoLib\include\Geometry\Sphere.h">
      <Filter>Sources\MathGeoLib\Geometry</Filter>
    </ClInclude>
    <ClInclude Include="Modules\External_Libraries\MathGeoLib\include\Geometry\Triangle.h">
      <Filter>Sources\MathGeoLib\Geometry</Filter>
    </ClInclude>
    <ClInclude Include="Modules\External_Libraries\MathGeoLib\include\Geometry\TriangleMesh.h">
      <Filter>Sources\MathGeoLib\Geometry</Filter>
    </ClInclude>
    <ClInclude Include="Modules\External_Libraries\MathGeoLib\include\Math\assume.h">
      <Filter>Sources\MathGeoLib\Math</Filter>
    </ClInclude>
    <ClInclude Include="Modules\External_Libraries\MathGeoLib\include\Math\BitOps.h">
      <Filter>Sources\MathGeoLib\Math</Filter>
    </ClInclude>
    <ClInclude Include="Modules\External_Libraries\MathGeoLib\include\Math\Complex.h">
      <Filter>Sources\MathGeoLib\Math</Filter>
    </ClInclude>
    <ClInclude Include="Modules\External_Libraries\MathGeoLib\include\Math\CoordinateAxisConvention.h">
      <Filter>Sources\MathGeoLib\Math</Filter>
    </ClInclude>
    <ClInclude Include="Modules\External_Libraries\MathGeoLib\include\Math\FixedPoint.h">
      <Filter>Sources\MathGeoLib\Math</Filter>
    </ClInclude>
    <ClInclude Include="Modules\External_Libraries\MathGeoLib\include\Math\float2.h">
      <Filter>Sources\MathGeoLib\Math</Filter>
    </ClInclude>
    <ClInclude Include="Modules\External_Libraries\MathGeoLib\include\Math\float3.h">
      <Filter>Sources\MathGeoLib\Math</Filter>
    </ClInclude>
    <ClInclude Include="Modules\External_Libraries\MathGeoLib\include\Math\float3x3.h">
      <Filter>Sources\MathGeoLib\Math</Filter>
    </ClInclude>
    <ClInclude Include="Modules\External_Libraries\MathGeoLib\include\Math\float3x4.h">
      <Filter>Sources\MathGeoLib\Math</Filter>
    </ClInclude>
    <ClInclude Include="Modules\External_Libraries\MathGeoLib\include\Math\float4.h">
      <Filter>Sources\MathGeoLib\Math</Filter>
    </ClInclude>
    <ClInclude Include="Modules\External_Libraries\MathGeoLib\include\Math\float4_neon.h">
      <Filter>Sources\MathGeoLib\Math</Filter>
    </ClInclude>
    <ClInclude Include="Modules\External_Libraries\MathGeoLib\include\Math\float4_sse.h">
      <Filter>Sources\MathGeoLib\Math</Filter>
    </ClInclude>
    <ClInclude Include="Modules\External_Libraries\MathGeoLib\include\Math\float4x4.h">
      <Filter>Sources\MathGeoLib\Math</Filter>
    </ClInclude>
    <ClInclude Include="Modules\External_Libraries\MathGeoLib\include\Math\float4x4_neon.h">
      <Filter>Sources\MathGeoLib\Math</Filter>
    </ClInclude>
    <ClInclude Include="Modules\External_Libraries\MathGeoLib\include\Math\float4x4_sse.h">
      <Filter>Sources\MathGeoLib\Math</Filter>
    </ClInclude>
    <ClInclude Include="Modules\External_Libraries\MathGeoLib\include\Math\FloatCmp.h">
      <Filter>Sources\MathGeoLib\Math</Filter>
    </ClInclude>
    <ClInclude Include="Modules\External_Libraries\MathGeoLib\include\Math\MathAll.h">
      <Filter>Sources\MathGeoLib\Math</Filter>
    </ClInclude>
    <ClInclude Include="Modules\External_Libraries\MathGeoLib\include\Math\MathConstants.h">
      <Filter>Sources\MathGeoLib\Math</Filter>
    </ClInclude>
    <ClInclude Include="Modules\External_Libraries\MathGeoLib\include\Math\MathFunc.h">
      <Filter>Sources\MathGeoLib\Math</Filter>
    </ClInclude>
    <ClInclude Include="Modules\External_Libraries\MathGeoLib\include\Math\MathLog.h">
      <Filter>Sources\MathGeoLib\Math</Filter>
    </ClInclude>
    <ClInclude Include="Modules\External_Libraries\MathGeoLib\include\Math\MathNamespace.h">
      <Filter>Sources\MathGeoLib\Math</Filter>
    </ClInclude>
    <ClInclude Include="Modules\External_Libraries\MathGeoLib\include\Math\MathTypes.h">
      <Filter>Sources\MathGeoLib\Math</Filter>
    </ClInclude>
    <ClInclude Include="Modules\External_Libraries\MathGeoLib\include\Math\MatrixProxy.h">
      <Filter>Sources\MathGeoLib\Math</Filter>
    </ClInclude>
    <ClInclude Include="Modules\External_Libraries\MathGeoLib\include\Math\myassert.h">
      <Filter>Sources\MathGeoLib\Math</Filter>
    </ClInclude>
    <ClInclude Include="Modules\External_Libraries\MathGeoLib\include\Math\Polynomial.h">
      <Filter>Sources\MathGeoLib\Math</Filter>
    </ClInclude>
    <ClInclude Include="Modules\External_Libraries\MathGeoLib\include\Math\Quat.h">
      <Filter>Sources\MathGeoLib\Math</Filter>
    </ClInclude>
    <ClInclude Include="Modules\External_Libraries\MathGeoLib\include\Math\quat_simd.h">
      <Filter>Sources\MathGeoLib\Math</Filter>
    </ClInclude>
    <ClInclude Include="Modules\External_Libraries\MathGeoLib\include\Math\Rect.h">
      <Filter>Sources\MathGeoLib\Math</Filter>
    </ClInclude>
    <ClInclude Include="Modules\External_Libraries\MathGeoLib\include\Math\Reinterpret.h">
      <Filter>Sources\MathGeoLib\Math</Filter>
    </ClInclude>
    <ClInclude Include="Modules\External_Libraries\MathGeoLib\include\Math\sse_mathfun.h">
      <Filter>Sources\MathGeoLib\Math</Filter>
    </ClInclude>
    <ClInclude Include="Modules\External_Libraries\MathGeoLib\include\Math\SSEMath.h">
      <Filter>Sources\MathGeoLib\Math</Filter>
    </ClInclude>
    <ClInclude Include="Modules\External_Libraries\MathGeoLib\include\Math\TransformOps.h">
      <Filter>Sources\MathGeoLib\Math</Filter>
    </ClInclude>
    <ClInclude Include="Modules\External_Libraries\MathGeoLib\include\Time\Clock.h">
      <Filter>Sources\MathGeoLib\Time</Filter>
    </ClInclude>
    <ClInclude Include="Modules\External_Libraries\MathGeoLib\include\MathBuildConfig.h">
      <Filter>Sources\MathGeoLib</Filter>
    </ClInclude>
    <ClInclude Include="Modules\External_Libraries\MathGeoLib\include\MathGeoLib.h">
      <Filter>Sources\MathGeoLib</Filter>
    </ClInclude>
    <ClInclude Include="Modules\External_Libraries\MathGeoLib\include\MathGeoLibFwd.h">
      <Filter>Sources\MathGeoLib</Filter>
    </ClInclude>
    <ClInclude Include="Modules\External_Libraries\Json\json.h">
      <Filter>Sources\Tools\Json</Filter>
    </ClInclude>
    <ClInclude Include="Modules\TextureLoader.h">
      <Filter>Sources\Helpers</Filter>
    </ClInclude>
    <ClInclude Include="Modules\External_Libraries\ImGui\imconfig.h">
      <Filter>Sources\ImGui</Filter>
    </ClInclude>
    <ClInclude Include="Modules\External_Libraries\ImGui\imgui.h">
      <Filter>Sources\ImGui</Filter>
    </ClInclude>
    <ClInclude Include="Modules\External_Libraries\ImGui\imgui_impl_opengl3.h">
      <Filter>Sources\ImGui</Filter>
    </ClInclude>
    <ClInclude Include="Modules\External_Libraries\ImGui\imgui_impl_opengl3_loader.h">
      <Filter>Sources\ImGui</Filter>
    </ClInclude>
    <ClInclude Include="Modules\External_Libraries\ImGui\imgui_impl_sdl.h">
      <Filter>Sources\ImGui</Filter>
    </ClInclude>
    <ClInclude Include="Modules\External_Libraries\ImGui\imgui_internal.h">
      <Filter>Sources\ImGui</Filter>
    </ClInclude>
    <ClInclude Include="Modules\External_Libraries\ImGui\imstb_rectpack.h">
      <Filter>Sources\ImGui</Filter>
    </ClInclude>
    <ClInclude Include="Modules\External_Libraries\ImGui\imstb_textedit.h">
      <Filter>Sources\ImGui</Filter>
    </ClInclude>
    <ClInclude Include="Modules\External_Libraries\ImGui\imstb_truetype.h">
      <Filter>Sources\ImGui</Filter>
    </ClInclude>
    <ClInclude Include="Modules\GameObject.h">
      <Filter>Sources\Components</Filter>
    </ClInclude>
    <ClInclude Include="Modules\C_Transform.h">
      <Filter>Sources\Components</Filter>
    </ClInclude>
    <ClInclude Include="Modules\Component.h">
      <Filter>Sources\Components</Filter>
    </ClInclude>
    <ClInclude Include="Modules\ModuleMeshRender.h">
      <Filter>Sources\Modules</Filter>
    </ClInclude>
    <ClInclude Include="Modules\C_Mesh.h">
      <Filter>Sources\Components</Filter>
    </ClInclude>
    <ClInclude Include="Modules\C_Texture.h">
      <Filter>Sources\Components</Filter>
    </ClInclude>
    <ClInclude Include="Modules\MemLeaks.h">
      <Filter>Sources\Tools</Filter>
    </ClInclude>
    <ClInclude Include="Modules\C_Camera.h">
      <Filter>Sources\Components</Filter>
    </ClInclude>
  </ItemGroup>
  <ItemGroup>
    <ClCompile Include="Modules\Application.cpp">
      <Filter>Sources</Filter>
    </ClCompile>
    <ClCompile Include="Modules\Main.cpp">
      <Filter>Sources</Filter>
    </ClCompile>
    <ClCompile Include="Modules\log.cpp">
      <Filter>Sources\Tools</Filter>
    </ClCompile>
    <ClCompile Include="Modules\Timer.cpp">
      <Filter>Sources\Tools</Filter>
    </ClCompile>
    <ClCompile Include="Modules\Light.cpp">
      <Filter>Sources\Helpers</Filter>
    </ClCompile>
    <ClCompile Include="Modules\Primitive.cpp">
      <Filter>Sources\Helpers</Filter>
    </ClCompile>
    <ClCompile Include="Modules\Color.cpp">
      <Filter>Sources\Containers</Filter>
    </ClCompile>
    <ClCompile Include="Modules\glmath.cpp">
      <Filter>Sources\Containers</Filter>
    </ClCompile>
    <ClCompile Include="Modules\ModuleSceneIntro.cpp">
      <Filter>Sources\Modules\Game</Filter>
    </ClCompile>
    <ClCompile Include="Modules\ModuleCamera3D.cpp">
      <Filter>Sources\Modules</Filter>
    </ClCompile>
    <ClCompile Include="Modules\ModuleEditorGui.cpp">
      <Filter>Sources\Modules</Filter>
    </ClCompile>
    <ClCompile Include="Modules\ModuleInput.cpp">
      <Filter>Sources\Modules</Filter>
    </ClCompile>
    <ClCompile Include="Modules\ModuleRenderer3D.cpp">
      <Filter>Sources\Modules</Filter>
    </ClCompile>
    <ClCompile Include="Modules\ModuleWindow.cpp">
      <Filter>Sources\Modules</Filter>
    </ClCompile>
    <ClCompile Include="Modules\MeshLoader.cpp">
      <Filter>Sources\Helpers</Filter>
    </ClCompile>
    <ClCompile Include="Modules\External_Libraries\MathGeoLib\include\Algorithm\Random\LCG.cpp">
      <Filter>Sources\MathGeoLib\Algorithm\Random</Filter>
    </ClCompile>
    <ClCompile Include="Modules\External_Libraries\MathGeoLib\include\Geometry\AABB.cpp">
      <Filter>Sources\MathGeoLib\Geometry</Filter>
    </ClCompile>
    <ClCompile Include="Modules\External_Libraries\MathGeoLib\include\Geometry\Capsule.cpp">
      <Filter>Sources\MathGeoLib\Geometry</Filter>
    </ClCompile>
    <ClCompile Include="Modules\External_Libraries\MathGeoLib\include\Geometry\Circle.cpp">
      <Filter>Sources\MathGeoLib\Geometry</Filter>
    </ClCompile>
    <ClCompile Include="Modules\External_Libraries\MathGeoLib\include\Geometry\Cone.cpp">
      <Filter>Sources\MathGeoLib\Geometry</Filter>
    </ClCompile>
    <ClCompile Include="Modules\External_Libraries\MathGeoLib\include\Geometry\Cylinder.cpp">
      <Filter>Sources\MathGeoLib\Geometry</Filter>
    </ClCompile>
    <ClCompile Include="Modules\External_Libraries\MathGeoLib\include\Geometry\Frustum.cpp">
      <Filter>Sources\MathGeoLib\Geometry</Filter>
    </ClCompile>
    <ClCompile Include="Modules\External_Libraries\MathGeoLib\include\Geometry\Line.cpp">
      <Filter>Sources\MathGeoLib\Geometry</Filter>
    </ClCompile>
    <ClCompile Include="Modules\External_Libraries\MathGeoLib\include\Geometry\LineSegment.cpp">
      <Filter>Sources\MathGeoLib\Geometry</Filter>
    </ClCompile>
    <ClCompile Include="Modules\External_Libraries\MathGeoLib\include\Geometry\OBB.cpp">
      <Filter>Sources\MathGeoLib\Geometry</Filter>
    </ClCompile>
    <ClCompile Include="Modules\External_Libraries\MathGeoLib\include\Geometry\Plane.cpp">
      <Filter>Sources\MathGeoLib\Geometry</Filter>
    </ClCompile>
    <ClCompile Include="Modules\External_Libraries\MathGeoLib\include\Geometry\Polygon.cpp">
      <Filter>Sources\MathGeoLib\Geometry</Filter>
    </ClCompile>
    <ClCompile Include="Modules\External_Libraries\MathGeoLib\include\Geometry\Polyhedron.cpp">
      <Filter>Sources\MathGeoLib\Geometry</Filter>
    </ClCompile>
    <ClCompile Include="Modules\External_Libraries\MathGeoLib\include\Geometry\Ray.cpp">
      <Filter>Sources\MathGeoLib\Geometry</Filter>
    </ClCompile>
    <ClCompile Include="Modules\External_Libraries\MathGeoLib\include\Geometry\Sphere.cpp">
      <Filter>Sources\MathGeoLib\Geometry</Filter>
    </ClCompile>
    <ClCompile Include="Modules\External_Libraries\MathGeoLib\include\Geometry\Triangle.cpp">
      <Filter>Sources\MathGeoLib\Geometry</Filter>
    </ClCompile>
    <ClCompile Include="Modules\External_Libraries\MathGeoLib\include\Geometry\TriangleMesh.cpp">
      <Filter>Sources\MathGeoLib\Geometry</Filter>
    </ClCompile>
    <ClCompile Include="Modules\External_Libraries\MathGeoLib\include\Math\BitOps.cpp">
      <Filter>Sources\MathGeoLib\Math</Filter>
    </ClCompile>
    <ClCompile Include="Modules\External_Libraries\MathGeoLib\include\Math\float2.cpp">
      <Filter>Sources\MathGeoLib\Math</Filter>
    </ClCompile>
    <ClCompile Include="Modules\External_Libraries\MathGeoLib\include\Math\float3.cpp">
      <Filter>Sources\MathGeoLib\Math</Filter>
    </ClCompile>
    <ClCompile Include="Modules\External_Libraries\MathGeoLib\include\Math\float3x3.cpp">
      <Filter>Sources\MathGeoLib\Math</Filter>
    </ClCompile>
    <ClCompile Include="Modules\External_Libraries\MathGeoLib\include\Math\float3x4.cpp">
      <Filter>Sources\MathGeoLib\Math</Filter>
    </ClCompile>
    <ClCompile Include="Modules\External_Libraries\MathGeoLib\include\Math\float4.cpp">
      <Filter>Sources\MathGeoLib\Math</Filter>
    </ClCompile>
    <ClCompile Include="Modules\External_Libraries\MathGeoLib\include\Math\float4x4.cpp">
      <Filter>Sources\MathGeoLib\Math</Filter>
    </ClCompile>
    <ClCompile Include="Modules\External_Libraries\MathGeoLib\include\Math\MathFunc.cpp">
      <Filter>Sources\MathGeoLib\Math</Filter>
    </ClCompile>
    <ClCompile Include="Modules\External_Libraries\MathGeoLib\include\Math\MathLog.cpp">
      <Filter>Sources\MathGeoLib\Math</Filter>
    </ClCompile>
    <ClCompile Include="Modules\External_Libraries\MathGeoLib\include\Math\MathOps.cpp">
      <Filter>Sources\MathGeoLib\Math</Filter>
    </ClCompile>
    <ClCompile Include="Modules\External_Libraries\MathGeoLib\include\Math\Polynomial.cpp">
      <Filter>Sources\MathGeoLib\Math</Filter>
    </ClCompile>
    <ClCompile Include="Modules\External_Libraries\MathGeoLib\include\Math\Quat.cpp">
      <Filter>Sources\MathGeoLib\Math</Filter>
    </ClCompile>
    <ClCompile Include="Modules\External_Libraries\MathGeoLib\include\Math\SSEMath.cpp">
      <Filter>Sources\MathGeoLib\Math</Filter>
    </ClCompile>
    <ClCompile Include="Modules\External_Libraries\MathGeoLib\include\Math\TransformOps.cpp">
      <Filter>Sources\MathGeoLib\Math</Filter>
    </ClCompile>
    <ClCompile Include="Modules\External_Libraries\MathGeoLib\include\Time\Clock.cpp">
      <Filter>Sources\MathGeoLib\Time</Filter>
    </ClCompile>
    <ClCompile Include="Modules\External_Libraries\Json\json.c">
      <Filter>Sources\Tools\Json</Filter>
    </ClCompile>
    <ClCompile Include="Modules\TextureLoader.cpp">
      <Filter>Sources\Helpers</Filter>
    </ClCompile>
    <ClCompile Include="Modules\External_Libraries\ImGui\imgui.cpp">
      <Filter>Sources\ImGui</Filter>
    </ClCompile>
    <ClCompile Include="Modules\External_Libraries\ImGui\imgui_demo.cpp">
      <Filter>Sources\ImGui</Filter>
    </ClCompile>
    <ClCompile Include="Modules\External_Libraries\ImGui\imgui_draw.cpp">
      <Filter>Sources\ImGui</Filter>
    </ClCompile>
    <ClCompile Include="Modules\External_Libraries\ImGui\imgui_impl_opengl3.cpp">
      <Filter>Sources\ImGui</Filter>
    </ClCompile>
    <ClCompile Include="Modules\External_Libraries\ImGui\imgui_impl_sdl.cpp">
      <Filter>Sources\ImGui</Filter>
    </ClCompile>
    <ClCompile Include="Modules\External_Libraries\ImGui\imgui_tables.cpp">
      <Filter>Sources\ImGui</Filter>
    </ClCompile>
    <ClCompile Include="Modules\External_Libraries\ImGui\imgui_widgets.cpp">
      <Filter>Sources\ImGui</Filter>
    </ClCompile>
    <ClCompile Include="Modules\GameObject.cpp">
      <Filter>Sources\Components</Filter>
    </ClCompile>
    <ClCompile Include="Modules\C_Transform.cpp">
      <Filter>Sources\Components</Filter>
    </ClCompile>
    <ClCompile Include="Modules\Component.cpp">
      <Filter>Sources\Components</Filter>
    </ClCompile>
    <ClCompile Include="Modules\ModuleMeshRender.cpp">
      <Filter>Sources\Modules</Filter>
    </ClCompile>
    <ClCompile Include="Modules\C_Mesh.cpp">
      <Filter>Sources\Components</Filter>
    </ClCompile>
    <ClCompile Include="Modules\C_Texture.cpp">
      <Filter>Sources\Components</Filter>
    </ClCompile>
    <ClCompile Include="Modules\C_Camera.cpp">
      <Filter>Sources\Components</Filter>
    </ClCompile>
  </ItemGroup>
  <ItemGroup>
    <None Include="Modules\External_Libraries\MathGeoLib\include\Geometry\KDTree.inl">
      <Filter>Sources\MathGeoLib\Geometry</Filter>
    </None>
    <None Include="Modules\External_Libraries\MathGeoLib\include\Geometry\QuadTree.inl">
      <Filter>Sources\MathGeoLib\Geometry</Filter>
    </None>
    <None Include="Modules\External_Libraries\MathGeoLib\include\Geometry\TriangleMesh_IntersectRay_AVX.inl">
      <Filter>Sources\MathGeoLib\Geometry</Filter>
    </None>
    <None Include="Modules\External_Libraries\MathGeoLib\include\Geometry\TriangleMesh_IntersectRay_CPP.inl">
      <Filter>Sources\MathGeoLib\Geometry</Filter>
    </None>
    <None Include="Modules\External_Libraries\MathGeoLib\include\Geometry\TriangleMesh_IntersectRay_SSE.inl">
      <Filter>Sources\MathGeoLib\Geometry</Filter>
    </None>
    <None Include="Modules\External_Libraries\MathGeoLib\include\Math\Matrix.inl">
      <Filter>Sources\MathGeoLib\Math</Filter>
    </None>
  </ItemGroup>
</Project>